
Microsoft Visual Studio Solution File, Format Version 12.00
# Visual Studio Version 17
VisualStudioVersion = 17.1.32421.90
MinimumVisualStudioVersion = 10.0.40219.1
Project("{9A19103F-16F7-4668-BE54-9A1E7A4F7556}") = "wAppVolvo", "wAppVolvo\wAppVolvo.csproj", "{32620EC2-1D14-452A-95B0-2493EB9F8A1A}"
EndProject
Project("{FAE04EC0-301F-11D3-BF4B-00C04F79EFBC}") = "tAppVolvoTest", "tAppVolvoTest\tAppVolvoTest.csproj", "{91E36D3A-D5EF-4BC9-A99A-4379FCA5D5ED}"
EndProject
Global
	GlobalSection(SolutionConfigurationPlatforms) = preSolution
		Debug|Any CPU = Debug|Any CPU
		Release|Any CPU = Release|Any CPU
	EndGlobalSection
	GlobalSection(ProjectConfigurationPlatforms) = postSolution
		{32620EC2-1D14-452A-95B0-2493EB9F8A1A}.Debug|Any CPU.ActiveCfg = Debug|Any CPU
		{32620EC2-1D14-452A-95B0-2493EB9F8A1A}.Debug|Any CPU.Build.0 = Debug|Any CPU
		{32620EC2-1D14-452A-95B0-2493EB9F8A1A}.Release|Any CPU.ActiveCfg = Release|Any CPU
		{32620EC2-1D14-452A-95B0-2493EB9F8A1A}.Release|Any CPU.Build.0 = Release|Any CPU
		{91E36D3A-D5EF-4BC9-A99A-4379FCA5D5ED}.Debug|Any CPU.ActiveCfg = Debug|Any CPU
		{91E36D3A-D5EF-4BC9-A99A-4379FCA5D5ED}.Debug|Any CPU.Build.0 = Debug|Any CPU
		{91E36D3A-D5EF-4BC9-A99A-4379FCA5D5ED}.Release|Any CPU.ActiveCfg = Release|Any CPU
		{91E36D3A-D5EF-4BC9-A99A-4379FCA5D5ED}.Release|Any CPU.Build.0 = Release|Any CPU
	EndGlobalSection
	GlobalSection(SolutionProperties) = preSolution
		HideSolutionNode = FALSE
	EndGlobalSection
	GlobalSection(ExtensibilityGlobals) = postSolution
		SolutionGuid = {D40034C1-C9FE-4C94-AFBF-2633893254BA}
	EndGlobalSection
EndGlobal
